github.com/KiraTeresa/dog v1.0.0 h1:+Xw1zZyviu3gYwRhtuIz857cTfV7fFvysCkuHJTQArI=
github.com/KiraTeresa/dog v1.0.0/go.mod h1:EolzUNdphhGY9Gu3iclZ2dxxkILZorEw7IbbmUwqT6c=
github.com/KiraTeresa/dog v1.1.0 h1:sr2bOcqDe+guCvX22An+jxsg51MD2yXK9RRq6mck7Es=
github.com/KiraTeresa/dog v1.1.0/go.mod h1:EolzUNdphhGY9Gu3iclZ2dxxkILZorEw7IbbmUwqT6c=
github.com/KiraTeresa/puppy v1.1.0 h1:L8rb1wBR2ZMsAUt2MdWt87lpGpqT0FHj5TfVCSQalls=
github.com/KiraTeresa/puppy v1.1.0/go.mod h1:JJS40Kg9wYRnEg2UXMmcBz2SYnQVLUJnNB7nPhaQIGs=
github.com/KiraTeresa/puppy v1.2.0 h1:BE6Ol2QqhEA4RAPU4ynPDVCW5VPzQYcId6WSqIW3l6Q=
github.com/KiraTeresa/puppy v1.2.0/go.mod h1:xbA/lBOn2R+t4o+2xxF5+jgAQC2eKA2c3AgqGv7Stzw=
