github.com/GoesToEleven/dog v0.0.0-20230428023317-90bef1c76cb9 h1:WtQjqEAV0EwbFVvp4ETs4XvRmdE0+r578aLTAnay80Y=
github.com/GoesToEleven/dog v0.0.0-20230428023317-90bef1c76cb9/go.mod h1:bSJZIYrINAWfFsUPONiX6V8GGsCFquPtn5yE6DFvIkE=
github.com/GoesToEleven/puppy v1.3.0 h1:6kvL9k6x8STNArAn3VVdQAye+5AOM3SbxV0uPdq5xn0=
github.com/GoesToEleven/puppy v1.3.0/go.mod h1:WobEgPdFB6u5c9xLvtp3KOhVIdHaYYpH6pZVOcLq0+w=
github.com/KiraTeresa/dog v1.1.0 h1:sr2bOcqDe+guCvX22An+jxsg51MD2yXK9RRq6mck7Es=
github.com/KiraTeresa/dog v1.1.0/go.mod h1:EolzUNdphhGY9Gu3iclZ2dxxkILZorEw7IbbmUwqT6c=
github.com/KiraTeresa/puppy v1.2.0 h1:BE6Ol2QqhEA4RAPU4ynPDVCW5VPzQYcId6WSqIW3l6Q=
github.com/KiraTeresa/puppy v1.2.0/go.mod h1:xbA/lBOn2R+t4o+2xxF5+jgAQC2eKA2c3AgqGv7Stzw=
github.com/yuin/goldmark v1.7.13 h1:GPddIs617DnBLFFVJFgpo1aBfe/4xcvMc3SB5t/D0pA=
github.com/yuin/goldmark v1.7.13/go.mod h1:ip/1k0VRfGynBgxOz0yCqHrbZXhcjxyuS66Brc7iBKg=
golang.org/x/crypto v0.44.0 h1:A97SsFvM3AIwEEmTBiaxPPTYpDC47w720rdiiUvgoAU=
golang.org/x/crypto v0.44.0/go.mod h1:013i+Nw79BMiQiMsOPcVCB5ZIJbYkerPrGnOa00tvmc=
golang.org/x/exp v0.0.0-20251023183803-a4bb9ffd2546 h1:mgKeJMpvi0yx/sU5GsxQ7p6s2wtOnGAHZWCHUM4KGzY=
golang.org/x/exp v0.0.0-20251023183803-a4bb9ffd2546/go.mod h1:j/pmGrbnkbPtQfxEe5D0VQhZC6qKbfKifgD0oM7sR70=
golang.org/x/mod v0.29.0 h1:HV8lRxZC4l2cr3Zq1LvtOsi/ThTgWnUk/y64QSs8GwA=
golang.org/x/mod v0.29.0/go.mod h1:NyhrlYXJ2H4eJiRy/WDBO6HMqZQ6q9nk4JzS3NuCK+w=
golang.org/x/tools v0.38.0 h1:Hx2Xv8hISq8Lm16jvBZ2VQf+RLmbd7wVUsALibYI/IQ=
golang.org/x/tools v0.38.0/go.mod h1:yEsQ/d/YK8cjh0L6rZlY8tgtlKiBNTL14pGDJPJpYQs=
golang.org/x/tools/cmd/godoc v0.1.0-deprecated h1:sEGTwp9aZNTHsdf/2BGaRqE4ZLndRVH17rbQ2OVun9Q=
golang.org/x/tools/cmd/godoc v0.1.0-deprecated/go.mod h1:J6VY4iFch6TIm456U3fnw1EJZaIqcYlhHu6GpHQ9HJk=
golang.org/x/tools/godoc v0.1.0-deprecated h1:o+aZ1BOj6Hsx/GBdJO/s815sqftjSnrZZwyYTHODvtk=
golang.org/x/tools/godoc v0.1.0-deprecated/go.mod h1:qM63CriJ961IHWmnWa9CjZnBndniPt4a3CK0PVB9bIg=
